
Microsoft Visual Studio Solution File, Format Version 12.00
# Visual Studio 15
VisualStudioVersion = 15.0.28307.421
MinimumVisualStudioVersion = 10.0.40219.1
Project("{9A19103F-16F7-4668-BE54-9A1E7A4F7556}") = "assignment", "assignment\assignment.csproj", "{D3126918-BA05-4A14-9180-27FB286C8E21}"
EndProject
Project("{9A19103F-16F7-4668-BE54-9A1E7A4F7556}") = "WebApplication1", "WebApplication1\WebApplication1.csproj", "{80EB0013-5D63-4082-813B-C9B7B4B52F70}"
EndProject
Project("{9A19103F-16F7-4668-BE54-9A1E7A4F7556}") = "LearnSQL", "LearnSQL\LearnSQL.csproj", "{5061A979-DA46-4726-9289-9C54D58C68EF}"
EndProject
Global
	GlobalSection(SolutionConfigurationPlatforms) = preSolution
		Debug|Any CPU = Debug|Any CPU
		Release|Any CPU = Release|Any CPU
	EndGlobalSection
	GlobalSection(ProjectConfigurationPlatforms) = postSolution
		{D3126918-BA05-4A14-9180-27FB286C8E21}.Debug|Any CPU.ActiveCfg = Debug|Any CPU
		{D3126918-BA05-4A14-9180-27FB286C8E21}.Debug|Any CPU.Build.0 = Debug|Any CPU
		{D3126918-BA05-4A14-9180-27FB286C8E21}.Release|Any CPU.ActiveCfg = Release|Any CPU
		{D3126918-BA05-4A14-9180-27FB286C8E21}.Release|Any CPU.Build.0 = Release|Any CPU
		{80EB0013-5D63-4082-813B-C9B7B4B52F70}.Debug|Any CPU.ActiveCfg = Debug|Any CPU
		{80EB0013-5D63-4082-813B-C9B7B4B52F70}.Debug|Any CPU.Build.0 = Debug|Any CPU
		{80EB0013-5D63-4082-813B-C9B7B4B52F70}.Release|Any CPU.ActiveCfg = Release|Any CPU
		{80EB0013-5D63-4082-813B-C9B7B4B52F70}.Release|Any CPU.Build.0 = Release|Any CPU
		{5061A979-DA46-4726-9289-9C54D58C68EF}.Debug|Any CPU.ActiveCfg = Debug|Any CPU
		{5061A979-DA46-4726-9289-9C54D58C68EF}.Debug|Any CPU.Build.0 = Debug|Any CPU
		{5061A979-DA46-4726-9289-9C54D58C68EF}.Release|Any CPU.ActiveCfg = Release|Any CPU
		{5061A979-DA46-4726-9289-9C54D58C68EF}.Release|Any CPU.Build.0 = Release|Any CPU
	EndGlobalSection
	GlobalSection(SolutionProperties) = preSolution
		HideSolutionNode = FALSE
	EndGlobalSection
	GlobalSection(ExtensibilityGlobals) = postSolution
		SolutionGuid = {E87EB7EF-E443-4A48-B10E-DA96B9D39180}
	EndGlobalSection
EndGlobal
