
Microsoft Visual Studio Solution File, Format Version 12.00
# Visual Studio 15
VisualStudioVersion = 15.0.28307.421
MinimumVisualStudioVersion = 10.0.40219.1
Project("{9A19103F-16F7-4668-BE54-9A1E7A4F7556}") = "assignment", "assignment\assignment.csproj", "{D3126918-BA05-4A14-9180-27FB286C8E21}"
EndProject
Project("{9A19103F-16F7-4668-BE54-9A1E7A4F7556}") = "htmlCssBookStrap", "htmlCssBookStrap\htmlCssBookStrap.csproj", "{2D7A60E4-A3B7-4298-BC21-E412565EFB6C}"
EndProject
Project("{9A19103F-16F7-4668-BE54-9A1E7A4F7556}") = "LearnSQL", "LearnSQL\LearnSQL.csproj", "{E5DEF367-CF72-40F5-9C45-9A8465A621F3}"
EndProject
Project("{9A19103F-16F7-4668-BE54-9A1E7A4F7556}") = "Practise", "Practise1\Practise.csproj", "{3731C35A-274B-44B8-A687-A9046E7DF53B}"
EndProject
Project("{FAE04EC0-301F-11D3-BF4B-00C04F79EFBC}") = "Framework", "Framework\Framework.csproj", "{13F780B4-F197-43B6-BA79-952AA20B3198}"
EndProject
Project("{FAE04EC0-301F-11D3-BF4B-00C04F79EFBC}") = "ConsoleApp1", "ConsoleApp1\ConsoleApp1.csproj", "{4D2A3256-503A-4C05-9DE9-58D2236E8876}"
EndProject
Global
	GlobalSection(SolutionConfigurationPlatforms) = preSolution
		Debug|Any CPU = Debug|Any CPU
		Release|Any CPU = Release|Any CPU
	EndGlobalSection
	GlobalSection(ProjectConfigurationPlatforms) = postSolution
		{D3126918-BA05-4A14-9180-27FB286C8E21}.Debug|Any CPU.ActiveCfg = Debug|Any CPU
		{D3126918-BA05-4A14-9180-27FB286C8E21}.Debug|Any CPU.Build.0 = Debug|Any CPU
		{D3126918-BA05-4A14-9180-27FB286C8E21}.Release|Any CPU.ActiveCfg = Release|Any CPU
		{D3126918-BA05-4A14-9180-27FB286C8E21}.Release|Any CPU.Build.0 = Release|Any CPU
		{2D7A60E4-A3B7-4298-BC21-E412565EFB6C}.Debug|Any CPU.ActiveCfg = Debug|Any CPU
		{2D7A60E4-A3B7-4298-BC21-E412565EFB6C}.Debug|Any CPU.Build.0 = Debug|Any CPU
		{2D7A60E4-A3B7-4298-BC21-E412565EFB6C}.Release|Any CPU.ActiveCfg = Release|Any CPU
		{2D7A60E4-A3B7-4298-BC21-E412565EFB6C}.Release|Any CPU.Build.0 = Release|Any CPU
		{E5DEF367-CF72-40F5-9C45-9A8465A621F3}.Debug|Any CPU.ActiveCfg = Debug|Any CPU
		{E5DEF367-CF72-40F5-9C45-9A8465A621F3}.Debug|Any CPU.Build.0 = Debug|Any CPU
		{E5DEF367-CF72-40F5-9C45-9A8465A621F3}.Release|Any CPU.ActiveCfg = Release|Any CPU
		{E5DEF367-CF72-40F5-9C45-9A8465A621F3}.Release|Any CPU.Build.0 = Release|Any CPU
		{3731C35A-274B-44B8-A687-A9046E7DF53B}.Debug|Any CPU.ActiveCfg = Debug|Any CPU
		{3731C35A-274B-44B8-A687-A9046E7DF53B}.Debug|Any CPU.Build.0 = Debug|Any CPU
		{3731C35A-274B-44B8-A687-A9046E7DF53B}.Release|Any CPU.ActiveCfg = Release|Any CPU
		{3731C35A-274B-44B8-A687-A9046E7DF53B}.Release|Any CPU.Build.0 = Release|Any CPU
		{13F780B4-F197-43B6-BA79-952AA20B3198}.Debug|Any CPU.ActiveCfg = Debug|Any CPU
		{13F780B4-F197-43B6-BA79-952AA20B3198}.Debug|Any CPU.Build.0 = Debug|Any CPU
		{13F780B4-F197-43B6-BA79-952AA20B3198}.Release|Any CPU.ActiveCfg = Release|Any CPU
		{13F780B4-F197-43B6-BA79-952AA20B3198}.Release|Any CPU.Build.0 = Release|Any CPU
		{4D2A3256-503A-4C05-9DE9-58D2236E8876}.Debug|Any CPU.ActiveCfg = Debug|Any CPU
		{4D2A3256-503A-4C05-9DE9-58D2236E8876}.Debug|Any CPU.Build.0 = Debug|Any CPU
		{4D2A3256-503A-4C05-9DE9-58D2236E8876}.Release|Any CPU.ActiveCfg = Release|Any CPU
		{4D2A3256-503A-4C05-9DE9-58D2236E8876}.Release|Any CPU.Build.0 = Release|Any CPU
	EndGlobalSection
	GlobalSection(SolutionProperties) = preSolution
		HideSolutionNode = FALSE
	EndGlobalSection
	GlobalSection(ExtensibilityGlobals) = postSolution
		SolutionGuid = {E87EB7EF-E443-4A48-B10E-DA96B9D39180}
	EndGlobalSection
EndGlobal
